
Microsoft Visual Studio Solution File, Format Version 12.00
# Visual Studio Version 17
VisualStudioVersion = 17.6.33723.286
MinimumVisualStudioVersion = 10.0.40219.1
Project("{FAE04EC0-301F-11D3-BF4B-00C04F79EFBC}") = "senac.introducaosa", "senac.introducaosa\senac.introducaosa.csproj", "{12DE372D-B8E0-4223-AA60-F02638FE6A4E}"
EndProject
Global
	GlobalSection(SolutionConfigurationPlatforms) = preSolution
		Debug|Any CPU = Debug|Any CPU
		Release|Any CPU = Release|Any CPU
	EndGlobalSection
	GlobalSection(ProjectConfigurationPlatforms) = postSolution
		{12DE372D-B8E0-4223-AA60-F02638FE6A4E}.Debug|Any CPU.ActiveCfg = Debug|Any CPU
		{12DE372D-B8E0-4223-AA60-F02638FE6A4E}.Debug|Any CPU.Build.0 = Debug|Any CPU
		{12DE372D-B8E0-4223-AA60-F02638FE6A4E}.Release|Any CPU.ActiveCfg = Release|Any CPU
		{12DE372D-B8E0-4223-AA60-F02638FE6A4E}.Release|Any CPU.Build.0 = Release|Any CPU
	EndGlobalSection
	GlobalSection(SolutionProperties) = preSolution
		HideSolutionNode = FALSE
	EndGlobalSection
	GlobalSection(ExtensibilityGlobals) = postSolution
		SolutionGuid = {1ADA738C-3392-4B66-9219-9A426FB645A3}
	EndGlobalSection
EndGlobal
